hash: 216c775979a6f8defb0bdd9da487b7b9273d71b25769653ce73fb526806fdb8e
updated: 2017-12-19T18:12:13.56625063+03:00
imports:
- name: github.com/emicklei/go-restful
  version: ff4f55a206334ef123e4f79bbf348980da81ca46
  subpackages:
  - log
- name: github.com/gogits/git-module
  version: 5cc36acd9bc119acc0376a4db452e8ce55451c9f
- name: github.com/golang/glog
  version: 44145f04b68cf362d9c4df2182967c2275eaefed
- name: github.com/gorilla/context
  version: 08b5f424b9271eedf6f9f0ce86cb9396ed337a42
- name: github.com/gorilla/mux
  version: 7f08801859139f86dfafd1c296e2cba9a80d292e
- name: github.com/inconshreveable/mousetrap
  version: 76626ae9c91c4f2a10f34cad8ce83ea42c93bb75
- name: github.com/jinzhu/gorm
  version: 5174cc5c242a728b435ea2be8a2f7f998e15429b
- name: github.com/jinzhu/inflection
  version: 1c35d901db3da928c72a72d8458480cc9ade058f
- name: github.com/kuberlab/lib
  version: 74077c4a281388387ecd6a702db410de972d9401
  subpackages:
  - pkg/errors
  - pkg/types
  - pkg/utils
- name: github.com/kuberlab/pacak
  version: ce2187f263ec49dbce8c0ddb79534b5f2bd6bc44
  repo: ssh://git@github.com/kuberlab/pacak.git
  subpackages:
  - pkg/errors
  - pkg/pacakimpl
  - pkg/process
  - pkg/sync
  - pkg/util
- name: github.com/mcuadros/go-version
  version: 88e56e02bea1c203c99222c365fa52a69996ccac
- name: github.com/pborman/uuid
  version: e533369306653d193b93dae055f6083cbf8ba54f
- name: github.com/Sirupsen/logrus
  version: ba1b36c82c5e05c4f912a88eab0dcd91a171688f
- name: github.com/spf13/cobra
  version: 7be4beda01ec05d0b93d80b3facd2b6f44080d94
- name: github.com/spf13/pflag
  version: 5ccb023bc27df288a957c5e994cd44fd19619465
- name: github.com/Unknwon/com
  version: 7677a1d7c1137cd3dd5ba7a076d0c898a1ef4520
- name: golang.org/x/sys
  version: 7ddbeae9ae08c6a06a59597f0c9edbc5ff2444ce
  subpackages:
  - unix
- name: gopkg.in/robfig/cron.v2
  version: be2e0b0deed5a68ffee390b4583a13aff8321535
testImports: []
