hash: b838d275adfda35c68841e9d1964e2c6c654d6abc5c2a77411b7de18275cface
updated: 2018-02-06T12:21:55.037746021+03:00
imports:
- name: github.com/emicklei/go-restful
  version: ff4f55a206334ef123e4f79bbf348980da81ca46
  subpackages:
  - log
- name: github.com/gogits/git-module
  version: 5cc36acd9bc119acc0376a4db452e8ce55451c9f
- name: github.com/golang/glog
  version: 44145f04b68cf362d9c4df2182967c2275eaefed
- name: github.com/gorilla/context
  version: 08b5f424b9271eedf6f9f0ce86cb9396ed337a42
- name: github.com/gorilla/mux
  version: 392c28fe23e1c45ddba891b0320b3b5df220beea
- name: github.com/gorilla/websocket
  version: 3ab3a8b8831546bd18fd182c20687ca853b2bb13
- name: github.com/inconshreveable/mousetrap
  version: 76626ae9c91c4f2a10f34cad8ce83ea42c93bb75
- name: github.com/jinzhu/gorm
  version: 5174cc5c242a728b435ea2be8a2f7f998e15429b
  subpackages:
  - dialects/sqlite
- name: github.com/jinzhu/inflection
  version: 1c35d901db3da928c72a72d8458480cc9ade058f
- name: github.com/kuberlab/lib
  version: b13ac0acfcfb1de90e7fd6cac1913a0f320322f2
  repo: ssh://git@github.com/kuberlab/lib.git
  subpackages:
  - pkg/errors
  - pkg/types
  - pkg/utils
- name: github.com/Masterminds/semver
  version: 59c29afe1a994eacb71c833025ca7acf874bb1da
- name: github.com/mattn/go-runewidth
  version: 97311d9f7767e3d6f422ea06661bc2c7a19e8a5d
- name: github.com/mattn/go-sqlite3
  version: 2d44decb4941c9cdf72c22297b7890faf7da9bcb
- name: github.com/patrickmn/go-cache
  version: a3647f8e31d79543b2d0f0ae2fe5c379d72cedc0
- name: github.com/pborman/uuid
  version: e790cca94e6cc75c7064b1332e63811d4aae1a53
- name: github.com/Sirupsen/logrus
  version: 3ec0642a7fb6488f65b06f9040adc67e3990296a
- name: github.com/spf13/cobra
  version: 7be4beda01ec05d0b93d80b3facd2b6f44080d94
- name: github.com/spf13/pflag
  version: 5ccb023bc27df288a957c5e994cd44fd19619465
- name: golang.org/x/net
  version: 1c05540f6879653db88113bc4a2b70aec4bd491f
  subpackages:
  - context
  - webdav
  - webdav/internal/xml
- name: golang.org/x/sync
  version: fd80eb99c8f653c847d294a001bdf2a3a6f768f5
  subpackages:
  - semaphore
- name: golang.org/x/sys
  version: 1792d66dc88e503d3cb2400578221cdf1f7fe26f
  subpackages:
  - unix
- name: gopkg.in/cheggaaa/pb.v1
  version: 43d64de27312b32812ca7e994fa0bb03ccf08fdf
- name: gopkg.in/cheggaaa/pb.v2
  version: c112833d014c77e8bde723fd0158e3156951639f
- name: gopkg.in/robfig/cron.v2
  version: be2e0b0deed5a68ffee390b4583a13aff8321535
- name: gopkg.in/yaml.v2
  version: a5b47d31c556af34a302ce5d659e6fea44d90de0
  repo: https://gopkg.in/yaml.v2
testImports: []
